
Microsoft Visual Studio Solution File, Format Version 12.00
# Visual Studio Version 17
VisualStudioVersion = 17.14.36623.8 d17.14
MinimumVisualStudioVersion = 10.0.40219.1
Project("{FAE04EC0-301F-11D3-BF4B-00C04F79EFBC}") = "Laboratorio20", "Laboratorio20\Laboratorio20.csproj", "{DE253ED1-49CE-4BF4-9EB5-FE859430A5C5}"
EndProject
Project("{FAE04EC0-301F-11D3-BF4B-00C04F79EFBC}") = "Laboratorio201", "Laboratorio201\Laboratorio201.csproj", "{37910CA2-C1F2-439B-94B6-E6A779005762}"
EndProject
Project("{FAE04EC0-301F-11D3-BF4B-00C04F79EFBC}") = "Laboratorio202", "Laboratorio202\Laboratorio202.csproj", "{0550A6B5-DB3E-4C2D-BD07-77738D10B845}"
EndProject
Global
	GlobalSection(SolutionConfigurationPlatforms) = preSolution
		Debug|Any CPU = Debug|Any CPU
		Release|Any CPU = Release|Any CPU
	EndGlobalSection
	GlobalSection(ProjectConfigurationPlatforms) = postSolution
		{DE253ED1-49CE-4BF4-9EB5-FE859430A5C5}.Debug|Any CPU.ActiveCfg = Debug|Any CPU
		{DE253ED1-49CE-4BF4-9EB5-FE859430A5C5}.Debug|Any CPU.Build.0 = Debug|Any CPU
		{DE253ED1-49CE-4BF4-9EB5-FE859430A5C5}.Release|Any CPU.ActiveCfg = Release|Any CPU
		{DE253ED1-49CE-4BF4-9EB5-FE859430A5C5}.Release|Any CPU.Build.0 = Release|Any CPU
		{37910CA2-C1F2-439B-94B6-E6A779005762}.Debug|Any CPU.ActiveCfg = Debug|Any CPU
		{37910CA2-C1F2-439B-94B6-E6A779005762}.Debug|Any CPU.Build.0 = Debug|Any CPU
		{37910CA2-C1F2-439B-94B6-E6A779005762}.Release|Any CPU.ActiveCfg = Release|Any CPU
		{37910CA2-C1F2-439B-94B6-E6A779005762}.Release|Any CPU.Build.0 = Release|Any CPU
		{0550A6B5-DB3E-4C2D-BD07-77738D10B845}.Debug|Any CPU.ActiveCfg = Debug|Any CPU
		{0550A6B5-DB3E-4C2D-BD07-77738D10B845}.Debug|Any CPU.Build.0 = Debug|Any CPU
		{0550A6B5-DB3E-4C2D-BD07-77738D10B845}.Release|Any CPU.ActiveCfg = Release|Any CPU
		{0550A6B5-DB3E-4C2D-BD07-77738D10B845}.Release|Any CPU.Build.0 = Release|Any CPU
	EndGlobalSection
	GlobalSection(SolutionProperties) = preSolution
		HideSolutionNode = FALSE
	EndGlobalSection
	GlobalSection(ExtensibilityGlobals) = postSolution
		SolutionGuid = {70FF2A19-8C33-440E-96CE-AEAF4F0ED178}
	EndGlobalSection
EndGlobal
